
Microsoft Visual Studio Solution File, Format Version 12.00
# Visual Studio Version 17
VisualStudioVersion = 17.2.32630.192
MinimumVisualStudioVersion = 10.0.40219.1
Project("{FAE04EC0-301F-11D3-BF4B-00C04F79EFBC}") = "StarterCode", "StarterCode\StarterCode.csproj", "{1E72A59B-07E8-49A2-8391-0E5DA532C6C1}"
EndProject
Global
	GlobalSection(SolutionConfigurationPlatforms) = preSolution
		Debug|Any CPU = Debug|Any CPU
		Release|Any CPU = Release|Any CPU
	EndGlobalSection
	GlobalSection(ProjectConfigurationPlatforms) = postSolution
		{1E72A59B-07E8-49A2-8391-0E5DA532C6C1}.Debug|Any CPU.ActiveCfg = Debug|Any CPU
		{1E72A59B-07E8-49A2-8391-0E5DA532C6C1}.Debug|Any CPU.Build.0 = Debug|Any CPU
		{1E72A59B-07E8-49A2-8391-0E5DA532C6C1}.Release|Any CPU.ActiveCfg = Release|Any CPU
		{1E72A59B-07E8-49A2-8391-0E5DA532C6C1}.Release|Any CPU.Build.0 = Release|Any CPU
	EndGlobalSection
	GlobalSection(SolutionProperties) = preSolution
		HideSolutionNode = FALSE
	EndGlobalSection
	GlobalSection(ExtensibilityGlobals) = postSolution
		SolutionGuid = {714C90BA-77F2-4C47-9F2B-40271B2EBBF3}
	EndGlobalSection
EndGlobal
